
Microsoft Visual Studio Solution File, Format Version 12.00
# Visual Studio Version 16
VisualStudioVersion = 25.0.1706.1
MinimumVisualStudioVersion = 10.0.40219.1
Project("{2150E333-8FDC-42A3-9474-1A3956D46DE8}") = "src", "src", "{5915920C-CECB-425C-9F14-C7464D714EE4}"
EndProject
Project("{2150E333-8FDC-42A3-9474-1A3956D46DE8}") = "Catalog", "Catalog", "{7362CCF4-1531-4D92-8937-772302D7A902}"
EndProject
Project("{FAE04EC0-301F-11D3-BF4B-00C04F79EFBC}") = "Catalog.API", "src\Catalog\Catalog.API\Catalog.API.csproj", "{D3811D05-FDF1-4271-AB8A-A01FB56EDBD4}"
EndProject
Project("{2150E333-8FDC-42A3-9474-1A3956D46DE8}") = "Web", "Web", "{A60809F3-34BE-4984-B2C4-8E4385F9358D}"
EndProject
Project("{FAE04EC0-301F-11D3-BF4B-00C04F79EFBC}") = "BlazorApp", "src\Store\Web\Server\BlazorApp.csproj", "{CC347715-B1F1-439D-AF16-BD89FE502787}"
EndProject
Project("{FAE04EC0-301F-11D3-BF4B-00C04F79EFBC}") = "Shared", "src\Store\Web\Shared\Shared.csproj", "{DFDE0622-D0FB-4FBA-A9F6-EC82DA2A48CD}"
EndProject
Project("{FAE04EC0-301F-11D3-BF4B-00C04F79EFBC}") = "Client", "src\Store\Web\Client\Client.csproj", "{B16D95A4-4A2D-4A91-9309-54CD3FDCBE04}"
EndProject
Project("{FAE04EC0-301F-11D3-BF4B-00C04F79EFBC}") = "Catalog.UnitTests", "src\Catalog\Catalog.UnitTests\Catalog.UnitTests.csproj", "{C07CBCB0-722D-4F3A-90BF-2E866CA2E41F}"
EndProject
Project("{2150E333-8FDC-42A3-9474-1A3956D46DE8}") = "Store", "Store", "{D664FD1A-75AD-4EA4-889B-4DBBF977FCF2}"
EndProject
Project("{2150E333-8FDC-42A3-9474-1A3956D46DE8}") = "Carts", "Carts", "{F9C96FE1-287D-4C16-9D36-737A588076CE}"
EndProject
Project("{FAE04EC0-301F-11D3-BF4B-00C04F79EFBC}") = "Carts.API", "src\Carts\Carts.API\Carts.API.csproj", "{893CE8B3-A81C-4DAD-A746-3C5C6E2B50F9}"
EndProject
Project("{FAE04EC0-301F-11D3-BF4B-00C04F79EFBC}") = "Carts.UnitTests", "src\Carts\Carts.UnitTests\Carts.UnitTests.csproj", "{5AD9B628-C9B0-4303-9AC7-AAC55B753855}"
EndProject
Project("{2150E333-8FDC-42A3-9474-1A3956D46DE8}") = "Solution Items", "Solution Items", "{FC863868-A059-425D-9AB8-CD5A40728C6C}"
	ProjectSection(SolutionItems) = preProject
		README.md = README.md
	EndProjectSection
EndProject
Project("{FAE04EC0-301F-11D3-BF4B-00C04F79EFBC}") = "Carts.Contracts", "src\Carts\Carts.Contracts\Carts.Contracts.csproj", "{4C7C59CF-CF9A-49EF-A791-B14F3E6C1853}"
EndProject
Project("{FAE04EC0-301F-11D3-BF4B-00C04F79EFBC}") = "Carts.Client", "src\Carts\Carts.Client\Carts.Client.csproj", "{E39A1EFA-BE47-404A-8139-1D25CEC29F8E}"
EndProject
Project("{FAE04EC0-301F-11D3-BF4B-00C04F79EFBC}") = "BlazorApp.UnitTests", "src\Store\Web\Server.UnitTests\BlazorApp.UnitTests.csproj", "{3F0F8C9E-6F98-4F6F-8469-75C5EF724EEE}"
EndProject
Project("{FAE04EC0-301F-11D3-BF4B-00C04F79EFBC}") = "Catalog.Client", "src\Catalog\Catalog.Client\Catalog.Client.csproj", "{B6924856-725D-4C5E-B97D-E4A217DA0355}"
EndProject
Project("{2150E333-8FDC-42A3-9474-1A3956D46DE8}") = "Admin", "Admin", "{F662B9EC-6C68-4D0D-ADA9-0F90D60FA43E}"
EndProject
Project("{FAE04EC0-301F-11D3-BF4B-00C04F79EFBC}") = "HealthChecksUI", "src\HealthChecksUI\HealthChecksUI.csproj", "{4A17FAF3-6F4D-4651-B67C-D8EB37AFD624}"
EndProject
Project("{FAE04EC0-301F-11D3-BF4B-00C04F79EFBC}") = "Carts.IntegrationTests", "src\Carts\Carts.IntegrationTests\Carts.IntegrationTests.csproj", "{E4B0900F-CCA9-4DC0-8889-DFF1D90C223C}"
EndProject
Project("{FAE04EC0-301F-11D3-BF4B-00C04F79EFBC}") = "Diagnostics", "src\Diagnostics\Diagnostics.csproj", "{23390FD6-DCBF-4A3B-9D87-EE2BFFE98879}"
EndProject
Project("{FAE04EC0-301F-11D3-BF4B-00C04F79EFBC}") = "Extensions", "src\Extensions\Extensions.csproj", "{9AA1A43D-061E-4D63-B766-2E1BFAB09E1D}"
EndProject
Project("{2150E333-8FDC-42A3-9474-1A3956D46DE8}") = "StoreFront", "StoreFront", "{49AE366E-F884-44CB-940F-BA05B1CB13C7}"
EndProject
Project("{FAE04EC0-301F-11D3-BF4B-00C04F79EFBC}") = "StoreFront.API", "src\StoreFront\StoreFront.API\StoreFront.API.csproj", "{46ECC9AC-37FC-4F48-9EFA-1869948DA6B8}"
EndProject
Project("{FAE04EC0-301F-11D3-BF4B-00C04F79EFBC}") = "StoreFront.Client", "src\StoreFront\StoreFront.Client\StoreFront.Client.csproj", "{70358264-1FF4-4B8E-96F8-2BA4F6E81D23}"
EndProject
Project("{FAE04EC0-301F-11D3-BF4B-00C04F79EFBC}") = "StoreFront.Contracts", "src\StoreFront\StoreFront.Contracts\StoreFront.Contracts.csproj", "{DA41F354-A60F-485D-887F-BE4D761B1576}"
EndProject
Project("{FAE04EC0-301F-11D3-BF4B-00C04F79EFBC}") = "StoreFront.IntegrationTests", "src\StoreFront\StoreFront.IntegrationTests\StoreFront.IntegrationTests.csproj", "{C31ED88B-BF19-451A-B08B-3C448414AF5B}"
EndProject
Project("{FAE04EC0-301F-11D3-BF4B-00C04F79EFBC}") = "StoreFront.UnitTests", "src\StoreFront\StoreFront.UnitTests\StoreFront.UnitTests.csproj", "{B232C72C-5208-4950-BCBF-8CFB2400D4E8}"
EndProject
Project("{FAE04EC0-301F-11D3-BF4B-00C04F79EFBC}") = "YourBrand.Client", "src\Admin\Client\YourBrand.Client.csproj", "{32E35B51-7DDB-4537-A179-91BDEDFB903A}"
EndProject
Project("{FAE04EC0-301F-11D3-BF4B-00C04F79EFBC}") = "Sales", "src\Admin\Sales\Sales.csproj", "{305B26C5-26DE-4A4F-9024-79FB8DDAECB9}"
EndProject
Project("{FAE04EC0-301F-11D3-BF4B-00C04F79EFBC}") = "YourBrand.Server", "src\Admin\Server\YourBrand.Server.csproj", "{E99CFA84-B936-40CF-B47C-B28AB23DAC21}"
EndProject
Project("{FAE04EC0-301F-11D3-BF4B-00C04F79EFBC}") = "YourBrand.UnitTests", "src\Admin\Server.UnitTests\YourBrand.UnitTests.csproj", "{EFEE5F5A-A169-4F5F-9B05-229A854DA2CD}"
EndProject
Project("{FAE04EC0-301F-11D3-BF4B-00C04F79EFBC}") = "Services", "src\Admin\Services\Services.csproj", "{BF9E570A-5057-4281-AFA0-BA6106D5FB1A}"
EndProject
Project("{FAE04EC0-301F-11D3-BF4B-00C04F79EFBC}") = "YourBrand.Shared", "src\Admin\Shared\YourBrand.Shared.csproj", "{18143D83-69A6-4F41-B19E-3BF9411AB483}"
EndProject
Project("{FAE04EC0-301F-11D3-BF4B-00C04F79EFBC}") = "Shell", "src\Admin\Shell\Shell.csproj", "{F3E22003-F2FD-4C88-9CC4-6EA7BFEEDC4A}"
EndProject
Project("{2150E333-8FDC-42A3-9474-1A3956D46DE8}") = "Sales", "Sales", "{59DFC3D5-A267-4EF5-BFCA-21A4A5EF06E9}"
EndProject
Project("{FAE04EC0-301F-11D3-BF4B-00C04F79EFBC}") = "Sales.API", "src\Sales\Sales.API\Sales.API.csproj", "{95941488-CB6F-4970-A15F-A5D11689BA11}"
EndProject
Project("{FAE04EC0-301F-11D3-BF4B-00C04F79EFBC}") = "Sales.Client", "src\Sales\Sales.Client\Sales.Client.csproj", "{13D0A64C-F08B-4243-BAEB-D5132592D790}"
EndProject
Project("{FAE04EC0-301F-11D3-BF4B-00C04F79EFBC}") = "Sales.Contracts", "src\Sales\Sales.Contracts\Sales.Contracts.csproj", "{F1487A76-87A5-4111-952C-873B41ACEC81}"
EndProject
Project("{FAE04EC0-301F-11D3-BF4B-00C04F79EFBC}") = "Sales.IntegrationTests", "src\Sales\Sales.IntegrationTests\Sales.IntegrationTests.csproj", "{25C19539-5A73-4794-A339-B51CB098135C}"
EndProject
Project("{FAE04EC0-301F-11D3-BF4B-00C04F79EFBC}") = "Sales.UnitTests", "src\Sales\Sales.UnitTests\Sales.UnitTests.csproj", "{6BC46E14-F5E8-4EEF-84B3-4098A919C7C5}"
EndProject
Project("{2150E333-8FDC-42A3-9474-1A3956D46DE8}") = "ServiceTemplate", "ServiceTemplate", "{B1825C15-A440-4F80-8BC9-47022221E70E}"
	ProjectSection(SolutionItems) = preProject
		src\YourService\YourService.Client\YourService.Client.csproj = src\YourService\YourService.Client\YourService.Client.csproj
	EndProjectSection
EndProject
Project("{FAE04EC0-301F-11D3-BF4B-00C04F79EFBC}") = "YourService.API", "src\YourService\YourService.API\YourService.API.csproj", "{321BCEF9-2566-4225-BAC9-DF78861F5BB0}"
EndProject
Project("{FAE04EC0-301F-11D3-BF4B-00C04F79EFBC}") = "YourService.Contracts", "src\YourService\YourService.Contracts\YourService.Contracts.csproj", "{CEA3E418-059B-48D1-B3EF-31EC570A16A0}"
EndProject
Project("{FAE04EC0-301F-11D3-BF4B-00C04F79EFBC}") = "YourService.IntegrationTests", "src\YourService\YourService.IntegrationTests\YourService.IntegrationTests.csproj", "{838CB713-3D78-49EE-8C1B-742595DDAC36}"
EndProject
Project("{FAE04EC0-301F-11D3-BF4B-00C04F79EFBC}") = "YourService.UnitTests", "src\YourService\YourService.UnitTests\YourService.UnitTests.csproj", "{464BBC85-AD77-4990-B94B-8CE847F9C1E1}"
EndProject
Project("{FAE04EC0-301F-11D3-BF4B-00C04F79EFBC}") = "Domain", "src\Domain\Domain.csproj", "{F2270788-13CA-46B3-97C7-D022206826CF}"
EndProject
Project("{FAE04EC0-301F-11D3-BF4B-00C04F79EFBC}") = "Domain.Infrastructure", "src\Domain.Infrastructure\Domain.Infrastructure.csproj", "{C885C038-82B5-436E-9BFB-62780ADDFB80}"
EndProject
Project("{FAE04EC0-301F-11D3-BF4B-00C04F79EFBC}") = "Domain.Persistence", "src\Domain.Persistence\Domain.Persistence.csproj", "{B9FE3E81-1204-4D82-9CAC-D1798E38F482}"
EndProject
Global
	GlobalSection(SolutionConfigurationPlatforms) = preSolution
		Debug|Any CPU = Debug|Any CPU
		Release|Any CPU = Release|Any CPU
	EndGlobalSection
	GlobalSection(ProjectConfigurationPlatforms) = postSolution
		{D3811D05-FDF1-4271-AB8A-A01FB56EDBD4}.Debug|Any CPU.ActiveCfg = Debug|Any CPU
		{D3811D05-FDF1-4271-AB8A-A01FB56EDBD4}.Debug|Any CPU.Build.0 = Debug|Any CPU
		{D3811D05-FDF1-4271-AB8A-A01FB56EDBD4}.Release|Any CPU.ActiveCfg = Release|Any CPU
		{D3811D05-FDF1-4271-AB8A-A01FB56EDBD4}.Release|Any CPU.Build.0 = Release|Any CPU
		{CC347715-B1F1-439D-AF16-BD89FE502787}.Debug|Any CPU.ActiveCfg = Debug|Any CPU
		{CC347715-B1F1-439D-AF16-BD89FE502787}.Debug|Any CPU.Build.0 = Debug|Any CPU
		{CC347715-B1F1-439D-AF16-BD89FE502787}.Release|Any CPU.ActiveCfg = Release|Any CPU
		{CC347715-B1F1-439D-AF16-BD89FE502787}.Release|Any CPU.Build.0 = Release|Any CPU
		{DFDE0622-D0FB-4FBA-A9F6-EC82DA2A48CD}.Debug|Any CPU.ActiveCfg = Debug|Any CPU
		{DFDE0622-D0FB-4FBA-A9F6-EC82DA2A48CD}.Debug|Any CPU.Build.0 = Debug|Any CPU
		{DFDE0622-D0FB-4FBA-A9F6-EC82DA2A48CD}.Release|Any CPU.ActiveCfg = Release|Any CPU
		{DFDE0622-D0FB-4FBA-A9F6-EC82DA2A48CD}.Release|Any CPU.Build.0 = Release|Any CPU
		{B16D95A4-4A2D-4A91-9309-54CD3FDCBE04}.Debug|Any CPU.ActiveCfg = Debug|Any CPU
		{B16D95A4-4A2D-4A91-9309-54CD3FDCBE04}.Debug|Any CPU.Build.0 = Debug|Any CPU
		{B16D95A4-4A2D-4A91-9309-54CD3FDCBE04}.Release|Any CPU.ActiveCfg = Release|Any CPU
		{B16D95A4-4A2D-4A91-9309-54CD3FDCBE04}.Release|Any CPU.Build.0 = Release|Any CPU
		{C07CBCB0-722D-4F3A-90BF-2E866CA2E41F}.Debug|Any CPU.ActiveCfg = Debug|Any CPU
		{C07CBCB0-722D-4F3A-90BF-2E866CA2E41F}.Debug|Any CPU.Build.0 = Debug|Any CPU
		{C07CBCB0-722D-4F3A-90BF-2E866CA2E41F}.Release|Any CPU.ActiveCfg = Release|Any CPU
		{C07CBCB0-722D-4F3A-90BF-2E866CA2E41F}.Release|Any CPU.Build.0 = Release|Any CPU
		{893CE8B3-A81C-4DAD-A746-3C5C6E2B50F9}.Debug|Any CPU.ActiveCfg = Debug|Any CPU
		{893CE8B3-A81C-4DAD-A746-3C5C6E2B50F9}.Debug|Any CPU.Build.0 = Debug|Any CPU
		{893CE8B3-A81C-4DAD-A746-3C5C6E2B50F9}.Release|Any CPU.ActiveCfg = Release|Any CPU
		{893CE8B3-A81C-4DAD-A746-3C5C6E2B50F9}.Release|Any CPU.Build.0 = Release|Any CPU
		{5AD9B628-C9B0-4303-9AC7-AAC55B753855}.Debug|Any CPU.ActiveCfg = Debug|Any CPU
		{5AD9B628-C9B0-4303-9AC7-AAC55B753855}.Debug|Any CPU.Build.0 = Debug|Any CPU
		{5AD9B628-C9B0-4303-9AC7-AAC55B753855}.Release|Any CPU.ActiveCfg = Release|Any CPU
		{5AD9B628-C9B0-4303-9AC7-AAC55B753855}.Release|Any CPU.Build.0 = Release|Any CPU
		{4C7C59CF-CF9A-49EF-A791-B14F3E6C1853}.Debug|Any CPU.ActiveCfg = Debug|Any CPU
		{4C7C59CF-CF9A-49EF-A791-B14F3E6C1853}.Debug|Any CPU.Build.0 = Debug|Any CPU
		{4C7C59CF-CF9A-49EF-A791-B14F3E6C1853}.Release|Any CPU.ActiveCfg = Release|Any CPU
		{4C7C59CF-CF9A-49EF-A791-B14F3E6C1853}.Release|Any CPU.Build.0 = Release|Any CPU
		{E39A1EFA-BE47-404A-8139-1D25CEC29F8E}.Debug|Any CPU.ActiveCfg = Debug|Any CPU
		{E39A1EFA-BE47-404A-8139-1D25CEC29F8E}.Debug|Any CPU.Build.0 = Debug|Any CPU
		{E39A1EFA-BE47-404A-8139-1D25CEC29F8E}.Release|Any CPU.ActiveCfg = Release|Any CPU
		{E39A1EFA-BE47-404A-8139-1D25CEC29F8E}.Release|Any CPU.Build.0 = Release|Any CPU
		{3F0F8C9E-6F98-4F6F-8469-75C5EF724EEE}.Debug|Any CPU.ActiveCfg = Debug|Any CPU
		{3F0F8C9E-6F98-4F6F-8469-75C5EF724EEE}.Debug|Any CPU.Build.0 = Debug|Any CPU
		{3F0F8C9E-6F98-4F6F-8469-75C5EF724EEE}.Release|Any CPU.ActiveCfg = Release|Any CPU
		{3F0F8C9E-6F98-4F6F-8469-75C5EF724EEE}.Release|Any CPU.Build.0 = Release|Any CPU
		{B6924856-725D-4C5E-B97D-E4A217DA0355}.Debug|Any CPU.ActiveCfg = Debug|Any CPU
		{B6924856-725D-4C5E-B97D-E4A217DA0355}.Debug|Any CPU.Build.0 = Debug|Any CPU
		{B6924856-725D-4C5E-B97D-E4A217DA0355}.Release|Any CPU.ActiveCfg = Release|Any CPU
		{B6924856-725D-4C5E-B97D-E4A217DA0355}.Release|Any CPU.Build.0 = Release|Any CPU
		{4A17FAF3-6F4D-4651-B67C-D8EB37AFD624}.Debug|Any CPU.ActiveCfg = Debug|Any CPU
		{4A17FAF3-6F4D-4651-B67C-D8EB37AFD624}.Debug|Any CPU.Build.0 = Debug|Any CPU
		{4A17FAF3-6F4D-4651-B67C-D8EB37AFD624}.Release|Any CPU.ActiveCfg = Release|Any CPU
		{4A17FAF3-6F4D-4651-B67C-D8EB37AFD624}.Release|Any CPU.Build.0 = Release|Any CPU
		{E4B0900F-CCA9-4DC0-8889-DFF1D90C223C}.Debug|Any CPU.ActiveCfg = Debug|Any CPU
		{E4B0900F-CCA9-4DC0-8889-DFF1D90C223C}.Debug|Any CPU.Build.0 = Debug|Any CPU
		{E4B0900F-CCA9-4DC0-8889-DFF1D90C223C}.Release|Any CPU.ActiveCfg = Release|Any CPU
		{E4B0900F-CCA9-4DC0-8889-DFF1D90C223C}.Release|Any CPU.Build.0 = Release|Any CPU
		{23390FD6-DCBF-4A3B-9D87-EE2BFFE98879}.Debug|Any CPU.ActiveCfg = Debug|Any CPU
		{23390FD6-DCBF-4A3B-9D87-EE2BFFE98879}.Debug|Any CPU.Build.0 = Debug|Any CPU
		{23390FD6-DCBF-4A3B-9D87-EE2BFFE98879}.Release|Any CPU.ActiveCfg = Release|Any CPU
		{23390FD6-DCBF-4A3B-9D87-EE2BFFE98879}.Release|Any CPU.Build.0 = Release|Any CPU
		{9AA1A43D-061E-4D63-B766-2E1BFAB09E1D}.Debug|Any CPU.ActiveCfg = Debug|Any CPU
		{9AA1A43D-061E-4D63-B766-2E1BFAB09E1D}.Debug|Any CPU.Build.0 = Debug|Any CPU
		{9AA1A43D-061E-4D63-B766-2E1BFAB09E1D}.Release|Any CPU.ActiveCfg = Release|Any CPU
		{9AA1A43D-061E-4D63-B766-2E1BFAB09E1D}.Release|Any CPU.Build.0 = Release|Any CPU
		{46ECC9AC-37FC-4F48-9EFA-1869948DA6B8}.Debug|Any CPU.ActiveCfg = Debug|Any CPU
		{46ECC9AC-37FC-4F48-9EFA-1869948DA6B8}.Debug|Any CPU.Build.0 = Debug|Any CPU
		{46ECC9AC-37FC-4F48-9EFA-1869948DA6B8}.Release|Any CPU.ActiveCfg = Release|Any CPU
		{46ECC9AC-37FC-4F48-9EFA-1869948DA6B8}.Release|Any CPU.Build.0 = Release|Any CPU
		{70358264-1FF4-4B8E-96F8-2BA4F6E81D23}.Debug|Any CPU.ActiveCfg = Debug|Any CPU
		{70358264-1FF4-4B8E-96F8-2BA4F6E81D23}.Debug|Any CPU.Build.0 = Debug|Any CPU
		{70358264-1FF4-4B8E-96F8-2BA4F6E81D23}.Release|Any CPU.ActiveCfg = Release|Any CPU
		{70358264-1FF4-4B8E-96F8-2BA4F6E81D23}.Release|Any CPU.Build.0 = Release|Any CPU
		{DA41F354-A60F-485D-887F-BE4D761B1576}.Debug|Any CPU.ActiveCfg = Debug|Any CPU
		{DA41F354-A60F-485D-887F-BE4D761B1576}.Debug|Any CPU.Build.0 = Debug|Any CPU
		{DA41F354-A60F-485D-887F-BE4D761B1576}.Release|Any CPU.ActiveCfg = Release|Any CPU
		{DA41F354-A60F-485D-887F-BE4D761B1576}.Release|Any CPU.Build.0 = Release|Any CPU
		{C31ED88B-BF19-451A-B08B-3C448414AF5B}.Debug|Any CPU.ActiveCfg = Debug|Any CPU
		{C31ED88B-BF19-451A-B08B-3C448414AF5B}.Debug|Any CPU.Build.0 = Debug|Any CPU
		{C31ED88B-BF19-451A-B08B-3C448414AF5B}.Release|Any CPU.ActiveCfg = Release|Any CPU
		{C31ED88B-BF19-451A-B08B-3C448414AF5B}.Release|Any CPU.Build.0 = Release|Any CPU
		{B232C72C-5208-4950-BCBF-8CFB2400D4E8}.Debug|Any CPU.ActiveCfg = Debug|Any CPU
		{B232C72C-5208-4950-BCBF-8CFB2400D4E8}.Debug|Any CPU.Build.0 = Debug|Any CPU
		{B232C72C-5208-4950-BCBF-8CFB2400D4E8}.Release|Any CPU.ActiveCfg = Release|Any CPU
		{B232C72C-5208-4950-BCBF-8CFB2400D4E8}.Release|Any CPU.Build.0 = Release|Any CPU
		{32E35B51-7DDB-4537-A179-91BDEDFB903A}.Debug|Any CPU.ActiveCfg = Debug|Any CPU
		{32E35B51-7DDB-4537-A179-91BDEDFB903A}.Debug|Any CPU.Build.0 = Debug|Any CPU
		{32E35B51-7DDB-4537-A179-91BDEDFB903A}.Release|Any CPU.ActiveCfg = Release|Any CPU
		{32E35B51-7DDB-4537-A179-91BDEDFB903A}.Release|Any CPU.Build.0 = Release|Any CPU
		{305B26C5-26DE-4A4F-9024-79FB8DDAECB9}.Debug|Any CPU.ActiveCfg = Debug|Any CPU
		{305B26C5-26DE-4A4F-9024-79FB8DDAECB9}.Debug|Any CPU.Build.0 = Debug|Any CPU
		{305B26C5-26DE-4A4F-9024-79FB8DDAECB9}.Release|Any CPU.ActiveCfg = Release|Any CPU
		{305B26C5-26DE-4A4F-9024-79FB8DDAECB9}.Release|Any CPU.Build.0 = Release|Any CPU
		{E99CFA84-B936-40CF-B47C-B28AB23DAC21}.Debug|Any CPU.ActiveCfg = Debug|Any CPU
		{E99CFA84-B936-40CF-B47C-B28AB23DAC21}.Debug|Any CPU.Build.0 = Debug|Any CPU
		{E99CFA84-B936-40CF-B47C-B28AB23DAC21}.Release|Any CPU.ActiveCfg = Release|Any CPU
		{E99CFA84-B936-40CF-B47C-B28AB23DAC21}.Release|Any CPU.Build.0 = Release|Any CPU
		{EFEE5F5A-A169-4F5F-9B05-229A854DA2CD}.Debug|Any CPU.ActiveCfg = Debug|Any CPU
		{EFEE5F5A-A169-4F5F-9B05-229A854DA2CD}.Debug|Any CPU.Build.0 = Debug|Any CPU
		{EFEE5F5A-A169-4F5F-9B05-229A854DA2CD}.Release|Any CPU.ActiveCfg = Release|Any CPU
		{EFEE5F5A-A169-4F5F-9B05-229A854DA2CD}.Release|Any CPU.Build.0 = Release|Any CPU
		{BF9E570A-5057-4281-AFA0-BA6106D5FB1A}.Debug|Any CPU.ActiveCfg = Debug|Any CPU
		{BF9E570A-5057-4281-AFA0-BA6106D5FB1A}.Debug|Any CPU.Build.0 = Debug|Any CPU
		{BF9E570A-5057-4281-AFA0-BA6106D5FB1A}.Release|Any CPU.ActiveCfg = Release|Any CPU
		{BF9E570A-5057-4281-AFA0-BA6106D5FB1A}.Release|Any CPU.Build.0 = Release|Any CPU
		{18143D83-69A6-4F41-B19E-3BF9411AB483}.Debug|Any CPU.ActiveCfg = Debug|Any CPU
		{18143D83-69A6-4F41-B19E-3BF9411AB483}.Debug|Any CPU.Build.0 = Debug|Any CPU
		{18143D83-69A6-4F41-B19E-3BF9411AB483}.Release|Any CPU.ActiveCfg = Release|Any CPU
		{18143D83-69A6-4F41-B19E-3BF9411AB483}.Release|Any CPU.Build.0 = Release|Any CPU
		{F3E22003-F2FD-4C88-9CC4-6EA7BFEEDC4A}.Debug|Any CPU.ActiveCfg = Debug|Any CPU
		{F3E22003-F2FD-4C88-9CC4-6EA7BFEEDC4A}.Debug|Any CPU.Build.0 = Debug|Any CPU
		{F3E22003-F2FD-4C88-9CC4-6EA7BFEEDC4A}.Release|Any CPU.ActiveCfg = Release|Any CPU
		{F3E22003-F2FD-4C88-9CC4-6EA7BFEEDC4A}.Release|Any CPU.Build.0 = Release|Any CPU
		{95941488-CB6F-4970-A15F-A5D11689BA11}.Debug|Any CPU.ActiveCfg = Debug|Any CPU
		{95941488-CB6F-4970-A15F-A5D11689BA11}.Debug|Any CPU.Build.0 = Debug|Any CPU
		{95941488-CB6F-4970-A15F-A5D11689BA11}.Release|Any CPU.ActiveCfg = Release|Any CPU
		{95941488-CB6F-4970-A15F-A5D11689BA11}.Release|Any CPU.Build.0 = Release|Any CPU
		{13D0A64C-F08B-4243-BAEB-D5132592D790}.Debug|Any CPU.ActiveCfg = Debug|Any CPU
		{13D0A64C-F08B-4243-BAEB-D5132592D790}.Debug|Any CPU.Build.0 = Debug|Any CPU
		{13D0A64C-F08B-4243-BAEB-D5132592D790}.Release|Any CPU.ActiveCfg = Release|Any CPU
		{13D0A64C-F08B-4243-BAEB-D5132592D790}.Release|Any CPU.Build.0 = Release|Any CPU
		{F1487A76-87A5-4111-952C-873B41ACEC81}.Debug|Any CPU.ActiveCfg = Debug|Any CPU
		{F1487A76-87A5-4111-952C-873B41ACEC81}.Debug|Any CPU.Build.0 = Debug|Any CPU
		{F1487A76-87A5-4111-952C-873B41ACEC81}.Release|Any CPU.ActiveCfg = Release|Any CPU
		{F1487A76-87A5-4111-952C-873B41ACEC81}.Release|Any CPU.Build.0 = Release|Any CPU
		{25C19539-5A73-4794-A339-B51CB098135C}.Debug|Any CPU.ActiveCfg = Debug|Any CPU
		{25C19539-5A73-4794-A339-B51CB098135C}.Debug|Any CPU.Build.0 = Debug|Any CPU
		{25C19539-5A73-4794-A339-B51CB098135C}.Release|Any CPU.ActiveCfg = Release|Any CPU
		{25C19539-5A73-4794-A339-B51CB098135C}.Release|Any CPU.Build.0 = Release|Any CPU
		{6BC46E14-F5E8-4EEF-84B3-4098A919C7C5}.Debug|Any CPU.ActiveCfg = Debug|Any CPU
		{6BC46E14-F5E8-4EEF-84B3-4098A919C7C5}.Debug|Any CPU.Build.0 = Debug|Any CPU
		{6BC46E14-F5E8-4EEF-84B3-4098A919C7C5}.Release|Any CPU.ActiveCfg = Release|Any CPU
		{6BC46E14-F5E8-4EEF-84B3-4098A919C7C5}.Release|Any CPU.Build.0 = Release|Any CPU
		{321BCEF9-2566-4225-BAC9-DF78861F5BB0}.Debug|Any CPU.ActiveCfg = Debug|Any CPU
		{321BCEF9-2566-4225-BAC9-DF78861F5BB0}.Debug|Any CPU.Build.0 = Debug|Any CPU
		{321BCEF9-2566-4225-BAC9-DF78861F5BB0}.Release|Any CPU.ActiveCfg = Release|Any CPU
		{321BCEF9-2566-4225-BAC9-DF78861F5BB0}.Release|Any CPU.Build.0 = Release|Any CPU
		{CEA3E418-059B-48D1-B3EF-31EC570A16A0}.Debug|Any CPU.ActiveCfg = Debug|Any CPU
		{CEA3E418-059B-48D1-B3EF-31EC570A16A0}.Debug|Any CPU.Build.0 = Debug|Any CPU
		{CEA3E418-059B-48D1-B3EF-31EC570A16A0}.Release|Any CPU.ActiveCfg = Release|Any CPU
		{CEA3E418-059B-48D1-B3EF-31EC570A16A0}.Release|Any CPU.Build.0 = Release|Any CPU
		{838CB713-3D78-49EE-8C1B-742595DDAC36}.Debug|Any CPU.ActiveCfg = Debug|Any CPU
		{838CB713-3D78-49EE-8C1B-742595DDAC36}.Debug|Any CPU.Build.0 = Debug|Any CPU
		{838CB713-3D78-49EE-8C1B-742595DDAC36}.Release|Any CPU.ActiveCfg = Release|Any CPU
		{838CB713-3D78-49EE-8C1B-742595DDAC36}.Release|Any CPU.Build.0 = Release|Any CPU
		{464BBC85-AD77-4990-B94B-8CE847F9C1E1}.Debug|Any CPU.ActiveCfg = Debug|Any CPU
		{464BBC85-AD77-4990-B94B-8CE847F9C1E1}.Debug|Any CPU.Build.0 = Debug|Any CPU
		{464BBC85-AD77-4990-B94B-8CE847F9C1E1}.Release|Any CPU.ActiveCfg = Release|Any CPU
		{464BBC85-AD77-4990-B94B-8CE847F9C1E1}.Release|Any CPU.Build.0 = Release|Any CPU
		{F2270788-13CA-46B3-97C7-D022206826CF}.Debug|Any CPU.ActiveCfg = Debug|Any CPU
		{F2270788-13CA-46B3-97C7-D022206826CF}.Debug|Any CPU.Build.0 = Debug|Any CPU
		{F2270788-13CA-46B3-97C7-D022206826CF}.Release|Any CPU.ActiveCfg = Release|Any CPU
		{F2270788-13CA-46B3-97C7-D022206826CF}.Release|Any CPU.Build.0 = Release|Any CPU
		{C885C038-82B5-436E-9BFB-62780ADDFB80}.Debug|Any CPU.ActiveCfg = Debug|Any CPU
		{C885C038-82B5-436E-9BFB-62780ADDFB80}.Debug|Any CPU.Build.0 = Debug|Any CPU
		{C885C038-82B5-436E-9BFB-62780ADDFB80}.Release|Any CPU.ActiveCfg = Release|Any CPU
		{C885C038-82B5-436E-9BFB-62780ADDFB80}.Release|Any CPU.Build.0 = Release|Any CPU
		{B9FE3E81-1204-4D82-9CAC-D1798E38F482}.Debug|Any CPU.ActiveCfg = Debug|Any CPU
		{B9FE3E81-1204-4D82-9CAC-D1798E38F482}.Debug|Any CPU.Build.0 = Debug|Any CPU
		{B9FE3E81-1204-4D82-9CAC-D1798E38F482}.Release|Any CPU.ActiveCfg = Release|Any CPU
		{B9FE3E81-1204-4D82-9CAC-D1798E38F482}.Release|Any CPU.Build.0 = Release|Any CPU
	EndGlobalSection
	GlobalSection(SolutionProperties) = preSolution
		HideSolutionNode = FALSE
	EndGlobalSection
	GlobalSection(NestedProjects) = preSolution
		{7362CCF4-1531-4D92-8937-772302D7A902} = {5915920C-CECB-425C-9F14-C7464D714EE4}
		{D3811D05-FDF1-4271-AB8A-A01FB56EDBD4} = {7362CCF4-1531-4D92-8937-772302D7A902}
		{A60809F3-34BE-4984-B2C4-8E4385F9358D} = {D664FD1A-75AD-4EA4-889B-4DBBF977FCF2}
		{CC347715-B1F1-439D-AF16-BD89FE502787} = {A60809F3-34BE-4984-B2C4-8E4385F9358D}
		{DFDE0622-D0FB-4FBA-A9F6-EC82DA2A48CD} = {A60809F3-34BE-4984-B2C4-8E4385F9358D}
		{B16D95A4-4A2D-4A91-9309-54CD3FDCBE04} = {A60809F3-34BE-4984-B2C4-8E4385F9358D}
		{C07CBCB0-722D-4F3A-90BF-2E866CA2E41F} = {7362CCF4-1531-4D92-8937-772302D7A902}
		{D664FD1A-75AD-4EA4-889B-4DBBF977FCF2} = {5915920C-CECB-425C-9F14-C7464D714EE4}
		{F9C96FE1-287D-4C16-9D36-737A588076CE} = {5915920C-CECB-425C-9F14-C7464D714EE4}
		{893CE8B3-A81C-4DAD-A746-3C5C6E2B50F9} = {F9C96FE1-287D-4C16-9D36-737A588076CE}
		{5AD9B628-C9B0-4303-9AC7-AAC55B753855} = {F9C96FE1-287D-4C16-9D36-737A588076CE}
		{4C7C59CF-CF9A-49EF-A791-B14F3E6C1853} = {F9C96FE1-287D-4C16-9D36-737A588076CE}
		{E39A1EFA-BE47-404A-8139-1D25CEC29F8E} = {F9C96FE1-287D-4C16-9D36-737A588076CE}
		{3F0F8C9E-6F98-4F6F-8469-75C5EF724EEE} = {A60809F3-34BE-4984-B2C4-8E4385F9358D}
		{B6924856-725D-4C5E-B97D-E4A217DA0355} = {7362CCF4-1531-4D92-8937-772302D7A902}
		{F662B9EC-6C68-4D0D-ADA9-0F90D60FA43E} = {5915920C-CECB-425C-9F14-C7464D714EE4}
		{4A17FAF3-6F4D-4651-B67C-D8EB37AFD624} = {5915920C-CECB-425C-9F14-C7464D714EE4}
		{E4B0900F-CCA9-4DC0-8889-DFF1D90C223C} = {F9C96FE1-287D-4C16-9D36-737A588076CE}
		{23390FD6-DCBF-4A3B-9D87-EE2BFFE98879} = {5915920C-CECB-425C-9F14-C7464D714EE4}
		{9AA1A43D-061E-4D63-B766-2E1BFAB09E1D} = {5915920C-CECB-425C-9F14-C7464D714EE4}
		{49AE366E-F884-44CB-940F-BA05B1CB13C7} = {5915920C-CECB-425C-9F14-C7464D714EE4}
		{46ECC9AC-37FC-4F48-9EFA-1869948DA6B8} = {49AE366E-F884-44CB-940F-BA05B1CB13C7}
		{70358264-1FF4-4B8E-96F8-2BA4F6E81D23} = {49AE366E-F884-44CB-940F-BA05B1CB13C7}
		{DA41F354-A60F-485D-887F-BE4D761B1576} = {49AE366E-F884-44CB-940F-BA05B1CB13C7}
		{C31ED88B-BF19-451A-B08B-3C448414AF5B} = {49AE366E-F884-44CB-940F-BA05B1CB13C7}
		{B232C72C-5208-4950-BCBF-8CFB2400D4E8} = {49AE366E-F884-44CB-940F-BA05B1CB13C7}
		{32E35B51-7DDB-4537-A179-91BDEDFB903A} = {F662B9EC-6C68-4D0D-ADA9-0F90D60FA43E}
		{305B26C5-26DE-4A4F-9024-79FB8DDAECB9} = {F662B9EC-6C68-4D0D-ADA9-0F90D60FA43E}
		{E99CFA84-B936-40CF-B47C-B28AB23DAC21} = {F662B9EC-6C68-4D0D-ADA9-0F90D60FA43E}
		{EFEE5F5A-A169-4F5F-9B05-229A854DA2CD} = {F662B9EC-6C68-4D0D-ADA9-0F90D60FA43E}
		{BF9E570A-5057-4281-AFA0-BA6106D5FB1A} = {F662B9EC-6C68-4D0D-ADA9-0F90D60FA43E}
		{18143D83-69A6-4F41-B19E-3BF9411AB483} = {F662B9EC-6C68-4D0D-ADA9-0F90D60FA43E}
		{F3E22003-F2FD-4C88-9CC4-6EA7BFEEDC4A} = {F662B9EC-6C68-4D0D-ADA9-0F90D60FA43E}
		{59DFC3D5-A267-4EF5-BFCA-21A4A5EF06E9} = {5915920C-CECB-425C-9F14-C7464D714EE4}
		{95941488-CB6F-4970-A15F-A5D11689BA11} = {59DFC3D5-A267-4EF5-BFCA-21A4A5EF06E9}
		{13D0A64C-F08B-4243-BAEB-D5132592D790} = {59DFC3D5-A267-4EF5-BFCA-21A4A5EF06E9}
		{F1487A76-87A5-4111-952C-873B41ACEC81} = {59DFC3D5-A267-4EF5-BFCA-21A4A5EF06E9}
		{25C19539-5A73-4794-A339-B51CB098135C} = {59DFC3D5-A267-4EF5-BFCA-21A4A5EF06E9}
		{6BC46E14-F5E8-4EEF-84B3-4098A919C7C5} = {59DFC3D5-A267-4EF5-BFCA-21A4A5EF06E9}
		{B1825C15-A440-4F80-8BC9-47022221E70E} = {5915920C-CECB-425C-9F14-C7464D714EE4}
		{321BCEF9-2566-4225-BAC9-DF78861F5BB0} = {B1825C15-A440-4F80-8BC9-47022221E70E}
		{CEA3E418-059B-48D1-B3EF-31EC570A16A0} = {B1825C15-A440-4F80-8BC9-47022221E70E}
		{838CB713-3D78-49EE-8C1B-742595DDAC36} = {B1825C15-A440-4F80-8BC9-47022221E70E}
		{464BBC85-AD77-4990-B94B-8CE847F9C1E1} = {B1825C15-A440-4F80-8BC9-47022221E70E}
		{F2270788-13CA-46B3-97C7-D022206826CF} = {5915920C-CECB-425C-9F14-C7464D714EE4}
		{C885C038-82B5-436E-9BFB-62780ADDFB80} = {5915920C-CECB-425C-9F14-C7464D714EE4}
		{B9FE3E81-1204-4D82-9CAC-D1798E38F482} = {5915920C-CECB-425C-9F14-C7464D714EE4}
	EndGlobalSection
	GlobalSection(ExtensibilityGlobals) = postSolution
		SolutionGuid = {AA762050-FBCA-498C-9E90-B4FE7BA94C13}
	EndGlobalSection
EndGlobal
