
Microsoft Visual Studio Solution File, Format Version 12.00
# Visual Studio Version 16
VisualStudioVersion = 25.0.1706.1
MinimumVisualStudioVersion = 10.0.40219.1
Project("{2150E333-8FDC-42A3-9474-1A3956D46DE8}") = "src", "src", "{5915920C-CECB-425C-9F14-C7464D714EE4}"
EndProject
Project("{2150E333-8FDC-42A3-9474-1A3956D46DE8}") = "Catalog", "Catalog", "{7362CCF4-1531-4D92-8937-772302D7A902}"
EndProject
Project("{FAE04EC0-301F-11D3-BF4B-00C04F79EFBC}") = "Catalog.API", "src\Catalog\Catalog.API\Catalog.API.csproj", "{D3811D05-FDF1-4271-AB8A-A01FB56EDBD4}"
EndProject
Project("{2150E333-8FDC-42A3-9474-1A3956D46DE8}") = "Web", "Web", "{A60809F3-34BE-4984-B2C4-8E4385F9358D}"
EndProject
Project("{FAE04EC0-301F-11D3-BF4B-00C04F79EFBC}") = "BlazorApp", "src\Store\Web\Server\BlazorApp.csproj", "{CC347715-B1F1-439D-AF16-BD89FE502787}"
EndProject
Project("{FAE04EC0-301F-11D3-BF4B-00C04F79EFBC}") = "Shared", "src\Store\Web\Shared\Shared.csproj", "{DFDE0622-D0FB-4FBA-A9F6-EC82DA2A48CD}"
EndProject
Project("{FAE04EC0-301F-11D3-BF4B-00C04F79EFBC}") = "Client", "src\Store\Web\Client\Client.csproj", "{B16D95A4-4A2D-4A91-9309-54CD3FDCBE04}"
EndProject
Project("{FAE04EC0-301F-11D3-BF4B-00C04F79EFBC}") = "Catalog.UnitTests", "src\Catalog\Catalog.UnitTests\Catalog.UnitTests.csproj", "{C07CBCB0-722D-4F3A-90BF-2E866CA2E41F}"
EndProject
Project("{2150E333-8FDC-42A3-9474-1A3956D46DE8}") = "Store", "Store", "{D664FD1A-75AD-4EA4-889B-4DBBF977FCF2}"
EndProject
Project("{2150E333-8FDC-42A3-9474-1A3956D46DE8}") = "Carts", "Carts", "{F9C96FE1-287D-4C16-9D36-737A588076CE}"
EndProject
Project("{FAE04EC0-301F-11D3-BF4B-00C04F79EFBC}") = "Carts.API", "src\Carts\Carts.API\Carts.API.csproj", "{893CE8B3-A81C-4DAD-A746-3C5C6E2B50F9}"
EndProject
Project("{FAE04EC0-301F-11D3-BF4B-00C04F79EFBC}") = "Carts.UnitTests", "src\Carts\Carts.UnitTests\Carts.UnitTests.csproj", "{5AD9B628-C9B0-4303-9AC7-AAC55B753855}"
EndProject
Project("{2150E333-8FDC-42A3-9474-1A3956D46DE8}") = "Solution Items", "Solution Items", "{FC863868-A059-425D-9AB8-CD5A40728C6C}"
	ProjectSection(SolutionItems) = preProject
		README.md = README.md
	EndProjectSection
EndProject
Project("{FAE04EC0-301F-11D3-BF4B-00C04F79EFBC}") = "Carts.Contracts", "src\Carts\Carts.Contracts\Carts.Contracts.csproj", "{4C7C59CF-CF9A-49EF-A791-B14F3E6C1853}"
EndProject
Project("{FAE04EC0-301F-11D3-BF4B-00C04F79EFBC}") = "Carts.Client", "src\Carts\Carts.Client\Carts.Client.csproj", "{E39A1EFA-BE47-404A-8139-1D25CEC29F8E}"
EndProject
Global
	GlobalSection(SolutionConfigurationPlatforms) = preSolution
		Debug|Any CPU = Debug|Any CPU
		Release|Any CPU = Release|Any CPU
	EndGlobalSection
	GlobalSection(ProjectConfigurationPlatforms) = postSolution
		{D3811D05-FDF1-4271-AB8A-A01FB56EDBD4}.Debug|Any CPU.ActiveCfg = Debug|Any CPU
		{D3811D05-FDF1-4271-AB8A-A01FB56EDBD4}.Debug|Any CPU.Build.0 = Debug|Any CPU
		{D3811D05-FDF1-4271-AB8A-A01FB56EDBD4}.Release|Any CPU.ActiveCfg = Release|Any CPU
		{D3811D05-FDF1-4271-AB8A-A01FB56EDBD4}.Release|Any CPU.Build.0 = Release|Any CPU
		{CC347715-B1F1-439D-AF16-BD89FE502787}.Debug|Any CPU.ActiveCfg = Debug|Any CPU
		{CC347715-B1F1-439D-AF16-BD89FE502787}.Debug|Any CPU.Build.0 = Debug|Any CPU
		{CC347715-B1F1-439D-AF16-BD89FE502787}.Release|Any CPU.ActiveCfg = Release|Any CPU
		{CC347715-B1F1-439D-AF16-BD89FE502787}.Release|Any CPU.Build.0 = Release|Any CPU
		{DFDE0622-D0FB-4FBA-A9F6-EC82DA2A48CD}.Debug|Any CPU.ActiveCfg = Debug|Any CPU
		{DFDE0622-D0FB-4FBA-A9F6-EC82DA2A48CD}.Debug|Any CPU.Build.0 = Debug|Any CPU
		{DFDE0622-D0FB-4FBA-A9F6-EC82DA2A48CD}.Release|Any CPU.ActiveCfg = Release|Any CPU
		{DFDE0622-D0FB-4FBA-A9F6-EC82DA2A48CD}.Release|Any CPU.Build.0 = Release|Any CPU
		{B16D95A4-4A2D-4A91-9309-54CD3FDCBE04}.Debug|Any CPU.ActiveCfg = Debug|Any CPU
		{B16D95A4-4A2D-4A91-9309-54CD3FDCBE04}.Debug|Any CPU.Build.0 = Debug|Any CPU
		{B16D95A4-4A2D-4A91-9309-54CD3FDCBE04}.Release|Any CPU.ActiveCfg = Release|Any CPU
		{B16D95A4-4A2D-4A91-9309-54CD3FDCBE04}.Release|Any CPU.Build.0 = Release|Any CPU
		{C07CBCB0-722D-4F3A-90BF-2E866CA2E41F}.Debug|Any CPU.ActiveCfg = Debug|Any CPU
		{C07CBCB0-722D-4F3A-90BF-2E866CA2E41F}.Debug|Any CPU.Build.0 = Debug|Any CPU
		{C07CBCB0-722D-4F3A-90BF-2E866CA2E41F}.Release|Any CPU.ActiveCfg = Release|Any CPU
		{C07CBCB0-722D-4F3A-90BF-2E866CA2E41F}.Release|Any CPU.Build.0 = Release|Any CPU
		{893CE8B3-A81C-4DAD-A746-3C5C6E2B50F9}.Debug|Any CPU.ActiveCfg = Debug|Any CPU
		{893CE8B3-A81C-4DAD-A746-3C5C6E2B50F9}.Debug|Any CPU.Build.0 = Debug|Any CPU
		{893CE8B3-A81C-4DAD-A746-3C5C6E2B50F9}.Release|Any CPU.ActiveCfg = Release|Any CPU
		{893CE8B3-A81C-4DAD-A746-3C5C6E2B50F9}.Release|Any CPU.Build.0 = Release|Any CPU
		{5AD9B628-C9B0-4303-9AC7-AAC55B753855}.Debug|Any CPU.ActiveCfg = Debug|Any CPU
		{5AD9B628-C9B0-4303-9AC7-AAC55B753855}.Debug|Any CPU.Build.0 = Debug|Any CPU
		{5AD9B628-C9B0-4303-9AC7-AAC55B753855}.Release|Any CPU.ActiveCfg = Release|Any CPU
		{5AD9B628-C9B0-4303-9AC7-AAC55B753855}.Release|Any CPU.Build.0 = Release|Any CPU
		{4C7C59CF-CF9A-49EF-A791-B14F3E6C1853}.Debug|Any CPU.ActiveCfg = Debug|Any CPU
		{4C7C59CF-CF9A-49EF-A791-B14F3E6C1853}.Debug|Any CPU.Build.0 = Debug|Any CPU
		{4C7C59CF-CF9A-49EF-A791-B14F3E6C1853}.Release|Any CPU.ActiveCfg = Release|Any CPU
		{4C7C59CF-CF9A-49EF-A791-B14F3E6C1853}.Release|Any CPU.Build.0 = Release|Any CPU
		{E39A1EFA-BE47-404A-8139-1D25CEC29F8E}.Debug|Any CPU.ActiveCfg = Debug|Any CPU
		{E39A1EFA-BE47-404A-8139-1D25CEC29F8E}.Debug|Any CPU.Build.0 = Debug|Any CPU
		{E39A1EFA-BE47-404A-8139-1D25CEC29F8E}.Release|Any CPU.ActiveCfg = Release|Any CPU
		{E39A1EFA-BE47-404A-8139-1D25CEC29F8E}.Release|Any CPU.Build.0 = Release|Any CPU
	EndGlobalSection
	GlobalSection(SolutionProperties) = preSolution
		HideSolutionNode = FALSE
	EndGlobalSection
	GlobalSection(ExtensibilityGlobals) = postSolution
		SolutionGuid = {AA762050-FBCA-498C-9E90-B4FE7BA94C13}
	EndGlobalSection
	GlobalSection(NestedProjects) = preSolution
		{7362CCF4-1531-4D92-8937-772302D7A902} = {5915920C-CECB-425C-9F14-C7464D714EE4}
		{D3811D05-FDF1-4271-AB8A-A01FB56EDBD4} = {7362CCF4-1531-4D92-8937-772302D7A902}
		{A60809F3-34BE-4984-B2C4-8E4385F9358D} = {D664FD1A-75AD-4EA4-889B-4DBBF977FCF2}
		{CC347715-B1F1-439D-AF16-BD89FE502787} = {A60809F3-34BE-4984-B2C4-8E4385F9358D}
		{DFDE0622-D0FB-4FBA-A9F6-EC82DA2A48CD} = {A60809F3-34BE-4984-B2C4-8E4385F9358D}
		{B16D95A4-4A2D-4A91-9309-54CD3FDCBE04} = {A60809F3-34BE-4984-B2C4-8E4385F9358D}
		{C07CBCB0-722D-4F3A-90BF-2E866CA2E41F} = {7362CCF4-1531-4D92-8937-772302D7A902}
		{D664FD1A-75AD-4EA4-889B-4DBBF977FCF2} = {5915920C-CECB-425C-9F14-C7464D714EE4}
		{F9C96FE1-287D-4C16-9D36-737A588076CE} = {5915920C-CECB-425C-9F14-C7464D714EE4}
		{893CE8B3-A81C-4DAD-A746-3C5C6E2B50F9} = {F9C96FE1-287D-4C16-9D36-737A588076CE}
		{5AD9B628-C9B0-4303-9AC7-AAC55B753855} = {F9C96FE1-287D-4C16-9D36-737A588076CE}
		{4C7C59CF-CF9A-49EF-A791-B14F3E6C1853} = {F9C96FE1-287D-4C16-9D36-737A588076CE}
		{E39A1EFA-BE47-404A-8139-1D25CEC29F8E} = {F9C96FE1-287D-4C16-9D36-737A588076CE}
	EndGlobalSection
EndGlobal
